
Microsoft Visual Studio Solution File, Format Version 12.00
# Visual Studio Version 16
VisualStudioVersion = 16.0.33920.266
MinimumVisualStudioVersion = 10.0.40219.1
Project("{FAE04EC0-301F-11D3-BF4B-00C04F79EFBC}") = "Buoi1", "Buoi1\Buoi1.csproj", "{154FD406-71D7-4856-885C-AD254EF1D6AF}"
EndProject
Global
	GlobalSection(SolutionConfigurationPlatforms) = preSolution
		Debug|Any CPU = Debug|Any CPU
		Release|Any CPU = Release|Any CPU
	EndGlobalSection
	GlobalSection(ProjectConfigurationPlatforms) = postSolution
		{154FD406-71D7-4856-885C-AD254EF1D6AF}.Debug|Any CPU.ActiveCfg = Debug|Any CPU
		{154FD406-71D7-4856-885C-AD254EF1D6AF}.Debug|Any CPU.Build.0 = Debug|Any CPU
		{154FD406-71D7-4856-885C-AD254EF1D6AF}.Release|Any CPU.ActiveCfg = Release|Any CPU
		{154FD406-71D7-4856-885C-AD254EF1D6AF}.Release|Any CPU.Build.0 = Release|Any CPU
	EndGlobalSection
	GlobalSection(SolutionProperties) = preSolution
		HideSolutionNode = FALSE
	EndGlobalSection
	GlobalSection(ExtensibilityGlobals) = postSolution
		SolutionGuid = {41ECDC2D-6400-4E5E-803F-5672940B8D74}
	EndGlobalSection
EndGlobal
